
Microsoft Visual Studio Solution File, Format Version 12.00
# Visual Studio Version 17
VisualStudioVersion = 17.4.33103.184
MinimumVisualStudioVersion = 10.0.40219.1
Project("{9A19103F-16F7-4668-BE54-9A1E7A4F7556}") = "RESTful-API", "eCommerce-RESTful-API\RESTful-API.csproj", "{D737E4C6-457C-4CC2-B1A4-C14083AEB1A6}"
EndProject
Project("{2150E333-8FDC-42A3-9474-1A3956D46DE8}") = "Data", "Data", "{17A3324B-EDB1-45C9-9A5D-EB17453E9959}"
EndProject
Project("{9A19103F-16F7-4668-BE54-9A1E7A4F7556}") = "eCommerceAPI.Data", "Data\eCommerceAPI.Data\eCommerceAPI.Data.csproj", "{9A9D8460-2A04-448A-843B-C6B80A148CD2}"
EndProject
Project("{9A19103F-16F7-4668-BE54-9A1E7A4F7556}") = "eCommerceAPI.Data.Models", "Data\eCommerceAPI.Data.Models\eCommerceAPI.Data.Models.csproj", "{034DD5F7-C69F-4CF7-860F-E09693ED5C16}"
EndProject
Project("{9A19103F-16F7-4668-BE54-9A1E7A4F7556}") = "eCommerceAPI.Data.Seeder", "Data\eCommerceAPI.Data.Seeder\eCommerceAPI.Data.Seeder.csproj", "{20E59651-BB99-46A7-8E2F-21B099EA3F04}"
EndProject
Project("{9A19103F-16F7-4668-BE54-9A1E7A4F7556}") = "eCommerceAPI.InputModels", "eCommerceAPI.InputModels\eCommerceAPI.InputModels.csproj", "{7EA77E35-BA65-42B8-9402-C4630D7C8F98}"
EndProject
Project("{9A19103F-16F7-4668-BE54-9A1E7A4F7556}") = "eCommerceAPI.ViewModels", "eCommerceAPI.ViewModels\eCommerceAPI.ViewModels.csproj", "{C7702AFF-B2E6-45BE-9029-34550970FF9D}"
EndProject
Project("{9A19103F-16F7-4668-BE54-9A1E7A4F7556}") = "eCommerceAPI.Data.Common", "Data\eCommerceAPI.Data.Common\eCommerceAPI.Data.Common.csproj", "{DDD933CE-5B63-4410-AA15-0FD64FE48A9B}"
EndProject
Project("{2150E333-8FDC-42A3-9474-1A3956D46DE8}") = "Services", "Services", "{68BF2F3B-F515-4A01-AED1-00479D21CD68}"
EndProject
Project("{9A19103F-16F7-4668-BE54-9A1E7A4F7556}") = "eCommerceAPI.Services.Mappings", "Services\eCommerceAPI.Services.Mappings\eCommerceAPI.Services.Mappings.csproj", "{4982DC26-904B-4E61-BB6B-9070EB9C5480}"
EndProject
Project("{9A19103F-16F7-4668-BE54-9A1E7A4F7556}") = "eCommerceAPI.Services.Data", "Services\eCommerceAPI.Services.Data\eCommerceAPI.Services.Data.csproj", "{1B483521-9F3D-407A-8802-C8FF3B7E199C}"
EndProject
Project("{2150E333-8FDC-42A3-9474-1A3956D46DE8}") = "Solution Items", "Solution Items", "{5A3790A1-FC88-4D22-972E-DD689C35DDE9}"
	ProjectSection(SolutionItems) = preProject
		.editorconfig = .editorconfig
	EndProjectSection
EndProject
Global
	GlobalSection(SolutionConfigurationPlatforms) = preSolution
		Debug|Any CPU = Debug|Any CPU
		Release|Any CPU = Release|Any CPU
	EndGlobalSection
	GlobalSection(ProjectConfigurationPlatforms) = postSolution
		{D737E4C6-457C-4CC2-B1A4-C14083AEB1A6}.Debug|Any CPU.ActiveCfg = Debug|Any CPU
		{D737E4C6-457C-4CC2-B1A4-C14083AEB1A6}.Debug|Any CPU.Build.0 = Debug|Any CPU
		{D737E4C6-457C-4CC2-B1A4-C14083AEB1A6}.Release|Any CPU.ActiveCfg = Release|Any CPU
		{D737E4C6-457C-4CC2-B1A4-C14083AEB1A6}.Release|Any CPU.Build.0 = Release|Any CPU
		{9A9D8460-2A04-448A-843B-C6B80A148CD2}.Debug|Any CPU.ActiveCfg = Debug|Any CPU
		{9A9D8460-2A04-448A-843B-C6B80A148CD2}.Debug|Any CPU.Build.0 = Debug|Any CPU
		{9A9D8460-2A04-448A-843B-C6B80A148CD2}.Release|Any CPU.ActiveCfg = Release|Any CPU
		{9A9D8460-2A04-448A-843B-C6B80A148CD2}.Release|Any CPU.Build.0 = Release|Any CPU
		{034DD5F7-C69F-4CF7-860F-E09693ED5C16}.Debug|Any CPU.ActiveCfg = Debug|Any CPU
		{034DD5F7-C69F-4CF7-860F-E09693ED5C16}.Debug|Any CPU.Build.0 = Debug|Any CPU
		{034DD5F7-C69F-4CF7-860F-E09693ED5C16}.Release|Any CPU.ActiveCfg = Release|Any CPU
		{034DD5F7-C69F-4CF7-860F-E09693ED5C16}.Release|Any CPU.Build.0 = Release|Any CPU
		{20E59651-BB99-46A7-8E2F-21B099EA3F04}.Debug|Any CPU.ActiveCfg = Debug|Any CPU
		{20E59651-BB99-46A7-8E2F-21B099EA3F04}.Debug|Any CPU.Build.0 = Debug|Any CPU
		{20E59651-BB99-46A7-8E2F-21B099EA3F04}.Release|Any CPU.ActiveCfg = Release|Any CPU
		{20E59651-BB99-46A7-8E2F-21B099EA3F04}.Release|Any CPU.Build.0 = Release|Any CPU
		{7EA77E35-BA65-42B8-9402-C4630D7C8F98}.Debug|Any CPU.ActiveCfg = Debug|Any CPU
		{7EA77E35-BA65-42B8-9402-C4630D7C8F98}.Debug|Any CPU.Build.0 = Debug|Any CPU
		{7EA77E35-BA65-42B8-9402-C4630D7C8F98}.Release|Any CPU.ActiveCfg = Release|Any CPU
		{7EA77E35-BA65-42B8-9402-C4630D7C8F98}.Release|Any CPU.Build.0 = Release|Any CPU
		{C7702AFF-B2E6-45BE-9029-34550970FF9D}.Debug|Any CPU.ActiveCfg = Debug|Any CPU
		{C7702AFF-B2E6-45BE-9029-34550970FF9D}.Debug|Any CPU.Build.0 = Debug|Any CPU
		{C7702AFF-B2E6-45BE-9029-34550970FF9D}.Release|Any CPU.ActiveCfg = Release|Any CPU
		{C7702AFF-B2E6-45BE-9029-34550970FF9D}.Release|Any CPU.Build.0 = Release|Any CPU
		{DDD933CE-5B63-4410-AA15-0FD64FE48A9B}.Debug|Any CPU.ActiveCfg = Debug|Any CPU
		{DDD933CE-5B63-4410-AA15-0FD64FE48A9B}.Debug|Any CPU.Build.0 = Debug|Any CPU
		{DDD933CE-5B63-4410-AA15-0FD64FE48A9B}.Release|Any CPU.ActiveCfg = Release|Any CPU
		{DDD933CE-5B63-4410-AA15-0FD64FE48A9B}.Release|Any CPU.Build.0 = Release|Any CPU
		{4982DC26-904B-4E61-BB6B-9070EB9C5480}.Debug|Any CPU.ActiveCfg = Debug|Any CPU
		{4982DC26-904B-4E61-BB6B-9070EB9C5480}.Debug|Any CPU.Build.0 = Debug|Any CPU
		{4982DC26-904B-4E61-BB6B-9070EB9C5480}.Release|Any CPU.ActiveCfg = Release|Any CPU
		{4982DC26-904B-4E61-BB6B-9070EB9C5480}.Release|Any CPU.Build.0 = Release|Any CPU
		{1B483521-9F3D-407A-8802-C8FF3B7E199C}.Debug|Any CPU.ActiveCfg = Debug|Any CPU
		{1B483521-9F3D-407A-8802-C8FF3B7E199C}.Debug|Any CPU.Build.0 = Debug|Any CPU
		{1B483521-9F3D-407A-8802-C8FF3B7E199C}.Release|Any CPU.ActiveCfg = Release|Any CPU
		{1B483521-9F3D-407A-8802-C8FF3B7E199C}.Release|Any CPU.Build.0 = Release|Any CPU
	EndGlobalSection
	GlobalSection(SolutionProperties) = preSolution
		HideSolutionNode = FALSE
	EndGlobalSection
	GlobalSection(NestedProjects) = preSolution
		{9A9D8460-2A04-448A-843B-C6B80A148CD2} = {17A3324B-EDB1-45C9-9A5D-EB17453E9959}
		{034DD5F7-C69F-4CF7-860F-E09693ED5C16} = {17A3324B-EDB1-45C9-9A5D-EB17453E9959}
		{20E59651-BB99-46A7-8E2F-21B099EA3F04} = {17A3324B-EDB1-45C9-9A5D-EB17453E9959}
		{DDD933CE-5B63-4410-AA15-0FD64FE48A9B} = {17A3324B-EDB1-45C9-9A5D-EB17453E9959}
		{4982DC26-904B-4E61-BB6B-9070EB9C5480} = {68BF2F3B-F515-4A01-AED1-00479D21CD68}
		{1B483521-9F3D-407A-8802-C8FF3B7E199C} = {68BF2F3B-F515-4A01-AED1-00479D21CD68}
	EndGlobalSection
	GlobalSection(ExtensibilityGlobals) = postSolution
		SolutionGuid = {B61E7A0D-487E-40E4-ADB5-D21C18548067}
	EndGlobalSection
EndGlobal
